
Microsoft Visual Studio Solution File, Format Version 12.00
# Visual Studio Version 16
VisualStudioVersion = 16.0.29025.244
MinimumVisualStudioVersion = 15.0.26124.0
Project("{2150E333-8FDC-42A3-9474-1A3956D46DE8}") = ".Solution Items", ".Solution Items", "{483832B1-CD35-4F14-9F7F-CBA5608C8F6C}"
	ProjectSection(SolutionItems) = preProject
		.gitignore = .gitignore
		paket.dependencies = paket.dependencies
		paket.lock = paket.lock
	EndProjectSection
EndProject
Project("{2150E333-8FDC-42A3-9474-1A3956D46DE8}") = "Database", "Database", "{84F3602C-7C4A-4D5B-B09F-AFE6C5D76E29}"
EndProject
Project("{9A19103F-16F7-4668-BE54-9A1E7A4F7556}") = "Concurrency.Model", "src\Concurrency.Model\Concurrency.Model.csproj", "{A6D0771D-FBA3-4FE4-8AD4-143C0161F9D8}"
EndProject
Project("{6EC3EE1D-3C4E-46DD-8F32-0CC8E7565705}") = "Concurrency.Model.Helper", "src\Concurrency.Model.Helper\Concurrency.Model.Helper.fsproj", "{1F33747A-50D4-484A-A7C1-AF7FAB5CD2FC}"
EndProject
Project("{9A19103F-16F7-4668-BE54-9A1E7A4F7556}") = "ConcurrencyTest", "src\ConcurrencyTest\ConcurrencyTest.csproj", "{D0EF39B3-3772-4AAC-B36D-DB891F0ED878}"
EndProject
Global
	GlobalSection(SolutionConfigurationPlatforms) = preSolution
		Debug|Any CPU = Debug|Any CPU
		Debug|x64 = Debug|x64
		Debug|x86 = Debug|x86
		Release|Any CPU = Release|Any CPU
		Release|x64 = Release|x64
		Release|x86 = Release|x86
	EndGlobalSection
	GlobalSection(ProjectConfigurationPlatforms) = postSolution
		{A6D0771D-FBA3-4FE4-8AD4-143C0161F9D8}.Debug|Any CPU.ActiveCfg = Debug|Any CPU
		{A6D0771D-FBA3-4FE4-8AD4-143C0161F9D8}.Debug|Any CPU.Build.0 = Debug|Any CPU
		{A6D0771D-FBA3-4FE4-8AD4-143C0161F9D8}.Debug|x64.ActiveCfg = Debug|Any CPU
		{A6D0771D-FBA3-4FE4-8AD4-143C0161F9D8}.Debug|x64.Build.0 = Debug|Any CPU
		{A6D0771D-FBA3-4FE4-8AD4-143C0161F9D8}.Debug|x86.ActiveCfg = Debug|Any CPU
		{A6D0771D-FBA3-4FE4-8AD4-143C0161F9D8}.Debug|x86.Build.0 = Debug|Any CPU
		{A6D0771D-FBA3-4FE4-8AD4-143C0161F9D8}.Release|Any CPU.ActiveCfg = Release|Any CPU
		{A6D0771D-FBA3-4FE4-8AD4-143C0161F9D8}.Release|Any CPU.Build.0 = Release|Any CPU
		{A6D0771D-FBA3-4FE4-8AD4-143C0161F9D8}.Release|x64.ActiveCfg = Release|Any CPU
		{A6D0771D-FBA3-4FE4-8AD4-143C0161F9D8}.Release|x64.Build.0 = Release|Any CPU
		{A6D0771D-FBA3-4FE4-8AD4-143C0161F9D8}.Release|x86.ActiveCfg = Release|Any CPU
		{A6D0771D-FBA3-4FE4-8AD4-143C0161F9D8}.Release|x86.Build.0 = Release|Any CPU
		{1F33747A-50D4-484A-A7C1-AF7FAB5CD2FC}.Debug|Any CPU.ActiveCfg = Debug|Any CPU
		{1F33747A-50D4-484A-A7C1-AF7FAB5CD2FC}.Debug|Any CPU.Build.0 = Debug|Any CPU
		{1F33747A-50D4-484A-A7C1-AF7FAB5CD2FC}.Debug|x64.ActiveCfg = Debug|Any CPU
		{1F33747A-50D4-484A-A7C1-AF7FAB5CD2FC}.Debug|x64.Build.0 = Debug|Any CPU
		{1F33747A-50D4-484A-A7C1-AF7FAB5CD2FC}.Debug|x86.ActiveCfg = Debug|Any CPU
		{1F33747A-50D4-484A-A7C1-AF7FAB5CD2FC}.Debug|x86.Build.0 = Debug|Any CPU
		{1F33747A-50D4-484A-A7C1-AF7FAB5CD2FC}.Release|Any CPU.ActiveCfg = Release|Any CPU
		{1F33747A-50D4-484A-A7C1-AF7FAB5CD2FC}.Release|Any CPU.Build.0 = Release|Any CPU
		{1F33747A-50D4-484A-A7C1-AF7FAB5CD2FC}.Release|x64.ActiveCfg = Release|Any CPU
		{1F33747A-50D4-484A-A7C1-AF7FAB5CD2FC}.Release|x64.Build.0 = Release|Any CPU
		{1F33747A-50D4-484A-A7C1-AF7FAB5CD2FC}.Release|x86.ActiveCfg = Release|Any CPU
		{1F33747A-50D4-484A-A7C1-AF7FAB5CD2FC}.Release|x86.Build.0 = Release|Any CPU
		{D0EF39B3-3772-4AAC-B36D-DB891F0ED878}.Debug|Any CPU.ActiveCfg = Debug|Any CPU
		{D0EF39B3-3772-4AAC-B36D-DB891F0ED878}.Debug|Any CPU.Build.0 = Debug|Any CPU
		{D0EF39B3-3772-4AAC-B36D-DB891F0ED878}.Debug|x64.ActiveCfg = Debug|Any CPU
		{D0EF39B3-3772-4AAC-B36D-DB891F0ED878}.Debug|x64.Build.0 = Debug|Any CPU
		{D0EF39B3-3772-4AAC-B36D-DB891F0ED878}.Debug|x86.ActiveCfg = Debug|Any CPU
		{D0EF39B3-3772-4AAC-B36D-DB891F0ED878}.Debug|x86.Build.0 = Debug|Any CPU
		{D0EF39B3-3772-4AAC-B36D-DB891F0ED878}.Release|Any CPU.ActiveCfg = Release|Any CPU
		{D0EF39B3-3772-4AAC-B36D-DB891F0ED878}.Release|Any CPU.Build.0 = Release|Any CPU
		{D0EF39B3-3772-4AAC-B36D-DB891F0ED878}.Release|x64.ActiveCfg = Release|Any CPU
		{D0EF39B3-3772-4AAC-B36D-DB891F0ED878}.Release|x64.Build.0 = Release|Any CPU
		{D0EF39B3-3772-4AAC-B36D-DB891F0ED878}.Release|x86.ActiveCfg = Release|Any CPU
		{D0EF39B3-3772-4AAC-B36D-DB891F0ED878}.Release|x86.Build.0 = Release|Any CPU
	EndGlobalSection
	GlobalSection(SolutionProperties) = preSolution
		HideSolutionNode = FALSE
	EndGlobalSection
	GlobalSection(NestedProjects) = preSolution
		{A6D0771D-FBA3-4FE4-8AD4-143C0161F9D8} = {84F3602C-7C4A-4D5B-B09F-AFE6C5D76E29}
		{1F33747A-50D4-484A-A7C1-AF7FAB5CD2FC} = {84F3602C-7C4A-4D5B-B09F-AFE6C5D76E29}
	EndGlobalSection
	GlobalSection(ExtensibilityGlobals) = postSolution
		SolutionGuid = {B18595A3-7DE3-448D-A3B7-78F6128B3F7C}
	EndGlobalSection
EndGlobal
